{
  "name": "gemini-export",
  "lockfileVersion": 3,
  "requires": true,
  "packages": {
    "": {
      "name": "gemini-export",
      "devDependencies": {
        "husky": "^9.1.7"
      }
    },
    "backend": {
      "version": "0.1.0",
      "extraneous": true,
      "hasInstallScript": true,
      "dependencies": {
        "@strapi/plugin-cloud": "5.42.1",
        "@strapi/plugin-users-permissions": "5.42.1",
        "@strapi/strapi": "5.42.1",
        "better-sqlite3": "12.8.0",
        "pg": "^8.20.0",
        "react": "^18.0.0",
        "react-dom": "^18.0.0",
        "react-router-dom": "^6.0.0",
        "strapi-plugin-navigation": "^3.3.7",
        "styled-components": "^6.0.0"
      },
      "devDependencies": {
        "@types/node": "^20",
        "@types/react": "^18",
        "@types/react-dom": "^18",
        "patch-package": "^8.0.1",
        "typescript": "^5",
        "vitest": "^1.6.0"
      },
      "engines": {
        "node": ">=20.0.0 <=24.x.x",
        "npm": ">=6.0.0"
      }
    },
    "frontend": {
      "version": "0.1.0",
      "extraneous": true,
      "dependencies": {
        "clsx": "^2.1.1",
        "framer-motion": "^12.38.0",
        "isomorphic-dompurify": "^3.10.0",
        "next": "16.2.4",
        "react": "19.2.4",
        "react-dom": "19.2.4",
        "tailwind-merge": "^3.5.0",
        "zod": "^4.3.6"
      },
      "devDependencies": {
        "@playwright/test": "^1.59.1",
        "@rolldown/binding-darwin-arm64": "^1.0.0-rc.18",
        "@tailwindcss/postcss": "^4.2.4",
        "@testing-library/jest-dom": "^6.9.1",
        "@testing-library/react": "^16.3.2",
        "@types/node": "^20",
        "@types/react": "^19",
        "@types/react-dom": "^19",
        "@vitejs/plugin-react": "^6.0.1",
        "@vitest/coverage-v8": "^4.1.5",
        "eslint": "^9",
        "eslint-config-next": "16.2.4",
        "husky": "^9.1.7",
        "jsdom": "^29.0.2",
        "lint-staged": "^16.4.0",
        "prettier": "^3.8.3",
        "tailwindcss": "^4.2.4",
        "typescript": "^5",
        "vitest": "^4.1.5"
      }
    },
    "node_modules/husky": {
      "version": "9.1.7",
      "resolved": "https://registry.npmjs.org/husky/-/husky-9.1.7.tgz",
      "integrity": "sha512-5gs5ytaNjBrh5Ow3zrvdUUY+0VxIuWVL4i9irt6friV+BqdCfmV11CQTWMiBYWHbXhco+J1kHfTOUkePhCDvMA==",
      "dev": true,
      "license": "MIT",
      "bin": {
        "husky": "bin.js"
      },
      "engines": {
        "node": ">=18"
      },
      "funding": {
        "url": "https://github.com/sponsors/typicode"
      }
    },
    "packages/shared-types": {
      "name": "@gemini/shared-types",
      "version": "0.1.0",
      "extraneous": true,
      "devDependencies": {
        "tsx": "^4.19.0",
        "typescript": "^5.7.0",
        "vitest": "^1.6.0"
      }
    }
  }
}
